dependencies:
- name: common
  repository: oci://registry-1.docker.io/bitnamicharts
  version: 2.31.4
- name: postgresql
  repository: oci://registry-1.docker.io/bitnamicharts
  version: 18.1.15
- name: minio
  repository: oci://registry-1.docker.io/bitnamicharts
  version: 17.0.21
digest: sha256:7cc2caa1050d6efb39dd88d34c6b2314bd0d5ca6ddd398227a16cc7cd245fa96
generated: "2025-12-23T12:48:11.99596396+07:00"
